{
  "requires": true,
  "lockfileVersion": 1,
  "dependencies": {
    "@angular/animations": {
      "version": "9.1.9",
      "resolved": "https://registry.npmjs.org/@angular/animations/-/animations-9.1.9.tgz",
      "integrity": "sha512-qWVi0TxmU6HeXAgEsfpQvFFygh+a0kH2kGe6bWij4XvG6dWfV3xZjlaFwSIYGk+yK4yL0+9+PAXH+ENfxNw+Cw=="
    },
    "ngx-toastr": {
      "version": "12.1.0",
      "resolved": "https://registry.npmjs.org/ngx-toastr/-/ngx-toastr-12.1.0.tgz",
      "integrity": "sha512-rytCRBhvuudj614Kfj9GoIVQDrFuLvHSMP1YrMwTmR1SNkNJZOpGKmaSDCCBrNDkSrGouzMWBlFbl1UDBBsiqw==",
      "requires": {
        "tslib": "^1.10.0"
      }
    },
    "tslib": {
      "version": "1.13.0",
      "resolved": "https://registry.npmjs.org/tslib/-/tslib-1.13.0.tgz",
      "integrity": "sha512-i/6DQjL8Xf3be4K/E6Wgpekn5Qasl1usyw++dAA35Ue5orEn65VIxOA+YvNNl9HV3qv70T7CNwjODHZrLwvd1Q=="
    }
  }
}
